
Microsoft Visual Studio Solution File, Format Version 12.00
# Visual Studio 15
VisualStudioVersion = 15.0.27703.2018
MinimumVisualStudioVersion = 10.0.40219.1
Project("{FAE04EC0-301F-11D3-BF4B-00C04F79EFBC}") = "DynamicXamlAndVM", "DynamicXamlAndVM\DynamicXamlAndVM.csproj", "{966FDFC0-C075-409F-B52D-EC23461445C6}"
EndProject
Project("{FAE04EC0-301F-11D3-BF4B-00C04F79EFBC}") = "DynamicXamlAndVMRefactored", "DynamicXamlAndVMRefactored\DynamicXamlAndVMRefactored.csproj", "{A88A180B-29D3-4EF0-8CA0-752310DB506D}"
EndProject
Global
	GlobalSection(SolutionConfigurationPlatforms) = preSolution
		Debug|Any CPU = Debug|Any CPU
		Release|Any CPU = Release|Any CPU
	EndGlobalSection
	GlobalSection(ProjectConfigurationPlatforms) = postSolution
		{966FDFC0-C075-409F-B52D-EC23461445C6}.Debug|Any CPU.ActiveCfg = Debug|Any CPU
		{966FDFC0-C075-409F-B52D-EC23461445C6}.Debug|Any CPU.Build.0 = Debug|Any CPU
		{966FDFC0-C075-409F-B52D-EC23461445C6}.Release|Any CPU.ActiveCfg = Release|Any CPU
		{966FDFC0-C075-409F-B52D-EC23461445C6}.Release|Any CPU.Build.0 = Release|Any CPU
		{A88A180B-29D3-4EF0-8CA0-752310DB506D}.Debug|Any CPU.ActiveCfg = Debug|Any CPU
		{A88A180B-29D3-4EF0-8CA0-752310DB506D}.Debug|Any CPU.Build.0 = Debug|Any CPU
		{A88A180B-29D3-4EF0-8CA0-752310DB506D}.Release|Any CPU.ActiveCfg = Release|Any CPU
		{A88A180B-29D3-4EF0-8CA0-752310DB506D}.Release|Any CPU.Build.0 = Release|Any CPU
	EndGlobalSection
	GlobalSection(SolutionProperties) = preSolution
		HideSolutionNode = FALSE
	EndGlobalSection
	GlobalSection(ExtensibilityGlobals) = postSolution
		SolutionGuid = {4D718646-EB07-4004-8413-D0D321E25B8F}
	EndGlobalSection
EndGlobal
